
Microsoft Visual Studio Solution File, Format Version 12.00
# Visual Studio 15
VisualStudioVersion = 15.0.27703.2047
MinimumVisualStudioVersion = 10.0.40219.1
Project("{FAE04EC0-301F-11D3-BF4B-00C04F79EFBC}") = "GhostReleaseFunction", "GhostReleaseFunction\GhostReleaseFunction.csproj", "{6F51E1F9-3F81-462F-B499-020F29973402}"
EndProject
Global
	GlobalSection(SolutionConfigurationPlatforms) = preSolution
		Debug|Any CPU = Debug|Any CPU
		Release|Any CPU = Release|Any CPU
	EndGlobalSection
	GlobalSection(ProjectConfigurationPlatforms) = postSolution
		{6F51E1F9-3F81-462F-B499-020F29973402}.Debug|Any CPU.ActiveCfg = Debug|Any CPU
		{6F51E1F9-3F81-462F-B499-020F29973402}.Debug|Any CPU.Build.0 = Debug|Any CPU
		{6F51E1F9-3F81-462F-B499-020F29973402}.Release|Any CPU.ActiveCfg = Release|Any CPU
		{6F51E1F9-3F81-462F-B499-020F29973402}.Release|Any CPU.Build.0 = Release|Any CPU
	EndGlobalSection
	GlobalSection(SolutionProperties) = preSolution
		HideSolutionNode = FALSE
	EndGlobalSection
	GlobalSection(ExtensibilityGlobals) = postSolution
		SolutionGuid = {0C251FFC-0166-4D7C-826C-D3F4F28305EA}
	EndGlobalSection
EndGlobal
